// !$*UTF8*$!
{
	archiveVersion = 1;
	classes = {
	};
	objectVersion = 50;
	objects = {

/* Begin PBXBuildFile section */
		0919D39721C7B13F00B5E2CD /* UIView+Ext.m in Sources */ = {isa = PBXBuildFile; fileRef = 0919D39621C7B13F00B5E2CD /* UIView+Ext.m */; };
		0919D3B521C88DF800B5E2CD /* QLKApiClient+Ext.m in Sources */ = {isa = PBXBuildFile; fileRef = 0919D3B321C88DF800B5E2CD /* QLKApiClient+Ext.m */; };
		0919D3B621C88DF800B5E2CD /* QLKApiClient.m in Sources */ = {isa = PBXBuildFile; fileRef = 0919D3B421C88DF800B5E2CD /* QLKApiClient.m */; };
		0919D3BF21C8912C00B5E2CD /* JSONKit.m in Sources */ = {isa = PBXBuildFile; fileRef = 0919D3BC21C8912C00B5E2CD /* JSONKit.m */; settings = {COMPILER_FLAGS = "-fno-objc-arc"; }; };
		0919D3C021C8912C00B5E2CD /* KXJson.m in Sources */ = {isa = PBXBuildFile; fileRef = 0919D3BD21C8912C00B5E2CD /* KXJson.m */; settings = {COMPILER_FLAGS = "-fno-objc-arc"; }; };
		0919D3C321C892AC00B5E2CD /* NSDictionary+Ext.m in Sources */ = {isa = PBXBuildFile; fileRef = 0919D3C121C892AC00B5E2CD /* NSDictionary+Ext.m */; };
		0919D3C621C892FC00B5E2CD /* NSMutableArray+Ext.m in Sources */ = {isa = PBXBuildFile; fileRef = 0919D3C521C892FC00B5E2CD /* NSMutableArray+Ext.m */; };
		0919D3C921C896B400B5E2CD /* QLKEnvironmentModel.m in Sources */ = {isa = PBXBuildFile; fileRef = 0919D3C721C896B400B5E2CD /* QLKEnvironmentModel.m */; };
		0919D3CD21C89A3800B5E2CD /* NSString+Ext.m in Sources */ = {isa = PBXBuildFile; fileRef = 0919D3CC21C89A3800B5E2CD /* NSString+Ext.m */; };
		0967255021C737CA00C79CE8 /* AppDelegate.m in Sources */ = {isa = PBXBuildFile; fileRef = 0967254F21C737CA00C79CE8 /* AppDelegate.m */; };
		0967255821C737CC00C79CE8 /* Assets.xcassets in Resources */ = {isa = PBXBuildFile; fileRef = 0967255721C737CC00C79CE8 /* Assets.xcassets */; };
		0967255E21C737CC00C79CE8 /* main.m in Sources */ = {isa = PBXBuildFile; fileRef = 0967255D21C737CC00C79CE8 /* main.m */; };
		0967256821C737CC00C79CE8 /* BjAiSportsTests.m in Sources */ = {isa = PBXBuildFile; fileRef = 0967256721C737CC00C79CE8 /* BjAiSportsTests.m */; };
		0967257321C737CC00C79CE8 /* BjAiSportsUITests.m in Sources */ = {isa = PBXBuildFile; fileRef = 0967257221C737CC00C79CE8 /* BjAiSportsUITests.m */; };
		09BD11B321C79676005B72D7 /* RDVTabBarController.m in Sources */ = {isa = PBXBuildFile; fileRef = 09BD11AD21C79676005B72D7 /* RDVTabBarController.m */; };
		09BD11B421C79676005B72D7 /* RDVTabBar.m in Sources */ = {isa = PBXBuildFile; fileRef = 09BD11AE21C79676005B72D7 /* RDVTabBar.m */; };
		09BD11B521C79676005B72D7 /* RDVTabBarItem.m in Sources */ = {isa = PBXBuildFile; fileRef = 09BD11B021C79676005B72D7 /* RDVTabBarItem.m */; };
		09BD11BA21C79834005B72D7 /* QLKNavigationController.m in Sources */ = {isa = PBXBuildFile; fileRef = 09BD11B921C79834005B72D7 /* QLKNavigationController.m */; };
		09BD11BF21C798AB005B72D7 /* QLKBaseViewController.m in Sources */ = {isa = PBXBuildFile; fileRef = 09BD11BD21C798AB005B72D7 /* QLKBaseViewController.m */; };
		09BD11C021C798AB005B72D7 /* QLKSubBaseViewController.m in Sources */ = {isa = PBXBuildFile; fileRef = 09BD11BE21C798AB005B72D7 /* QLKSubBaseViewController.m */; };
		09BD11C921C7A8CA005B72D7 /* UIColor+Ext.m in Sources */ = {isa = PBXBuildFile; fileRef = 09BD11C721C7A8CA005B72D7 /* UIColor+Ext.m */; };
		09BD11CE21C8A00D005B72D7 /* BJAHomeController.m in Sources */ = {isa = PBXBuildFile; fileRef = 09BD11CD21C8A00D005B72D7 /* BJAHomeController.m */; };
		09BD11D121C8A023005B72D7 /* BJAMineController.m in Sources */ = {isa = PBXBuildFile; fileRef = 09BD11D021C8A022005B72D7 /* BJAMineController.m */; };
		09BD11D421C8A034005B72D7 /* BJACourseController.m in Sources */ = {isa = PBXBuildFile; fileRef = 09BD11D321C8A034005B72D7 /* BJACourseController.m */; };
		09BD11D721C8A04B005B72D7 /* BJASocialController.m in Sources */ = {isa = PBXBuildFile; fileRef = 09BD11D621C8A04B005B72D7 /* BJASocialController.m */; };
		09BD11DD21C8C3DE005B72D7 /* navigationbar_background.png in Resources */ = {isa = PBXBuildFile; fileRef = 09BD11D921C8C3DD005B72D7 /* navigationbar_background.png */; };
		09BD11DE21C8C3DE005B72D7 /* navigationbar_background@2x.png in Resources */ = {isa = PBXBuildFile; fileRef = 09BD11DA21C8C3DD005B72D7 /* navigationbar_background@2x.png */; };
		09BD11DF21C8C3DE005B72D7 /* navigationbar_background_tall.png in Resources */ = {isa = PBXBuildFile; fileRef = 09BD11DB21C8C3DD005B72D7 /* navigationbar_background_tall.png */; };
		09BD11E021C8C3DE005B72D7 /* navigationbar_background_tall@2x.png in Resources */ = {isa = PBXBuildFile; fileRef = 09BD11DC21C8C3DD005B72D7 /* navigationbar_background_tall@2x.png */; };
		09BD11EC21C8D66E005B72D7 /* QLKDeviceIdentifier.m in Sources */ = {isa = PBXBuildFile; fileRef = 09BD11EB21C8D66E005B72D7 /* QLKDeviceIdentifier.m */; };
		09BD11F121C8D676005B72D7 /* QLKHelpWindowManager.m in Sources */ = {isa = PBXBuildFile; fileRef = 09BD11EF21C8D676005B72D7 /* QLKHelpWindowManager.m */; };
		09BD11F221C8D676005B72D7 /* QLKHelpWindow.m in Sources */ = {isa = PBXBuildFile; fileRef = 09BD11F021C8D676005B72D7 /* QLKHelpWindow.m */; };
		09BD11F621C8D6C6005B72D7 /* QQPopMenuView.m in Sources */ = {isa = PBXBuildFile; fileRef = 09BD11F521C8D6C6005B72D7 /* QQPopMenuView.m */; };
		09BD11F921C8E2CE005B72D7 /* SFHFKeychainUtils.m in Sources */ = {isa = PBXBuildFile; fileRef = 09BD11F821C8E2CE005B72D7 /* SFHFKeychainUtils.m */; settings = {COMPILER_FLAGS = "-fno-objc-arc"; }; };
		09BD11FF21C8E93F005B72D7 /* QLKImageScaleTools.m in Sources */ = {isa = PBXBuildFile; fileRef = 09BD11FE21C8E93F005B72D7 /* QLKImageScaleTools.m */; };
		09BD120821C8F055005B72D7 /* QLKCommonAlertView.m in Sources */ = {isa = PBXBuildFile; fileRef = 09BD120521C8F055005B72D7 /* QLKCommonAlertView.m */; };
		09BD120921C8F055005B72D7 /* QLKCommonAlertView+Ext.m in Sources */ = {isa = PBXBuildFile; fileRef = 09BD120621C8F055005B72D7 /* QLKCommonAlertView+Ext.m */; };
		09BD120C21C8F064005B72D7 /* QLKTextView.m in Sources */ = {isa = PBXBuildFile; fileRef = 09BD120A21C8F064005B72D7 /* QLKTextView.m */; };
		09BD121121C8F071005B72D7 /* QLKUITextField.m in Sources */ = {isa = PBXBuildFile; fileRef = 09BD120E21C8F071005B72D7 /* QLKUITextField.m */; };
		09BD121221C8F071005B72D7 /* QLKTextField.m in Sources */ = {isa = PBXBuildFile; fileRef = 09BD121021C8F071005B72D7 /* QLKTextField.m */; };
		09BD121521C8F336005B72D7 /* CustomMaskView.m in Sources */ = {isa = PBXBuildFile; fileRef = 09BD121321C8F336005B72D7 /* CustomMaskView.m */; };
		792E537249202CC160E37CB7 /* libPods-BjAiSports.a in Frameworks */ = {isa = PBXBuildFile; fileRef = F598745443A519538028B6A0 /* libPods-BjAiSports.a */; };
/* End PBXBuildFile section */

/* Begin PBXContainerItemProxy section */
		0967256421C737CC00C79CE8 /* PBXContainerItemProxy */ = {
			isa = PBXContainerItemProxy;
			containerPortal = 0967254321C737C900C79CE8 /* Project object */;
			proxyType = 1;
			remoteGlobalIDString = 0967254A21C737C900C79CE8;
			remoteInfo = BjAiSports;
		};
		0967256F21C737CC00C79CE8 /* PBXContainerItemProxy */ = {
			isa = PBXContainerItemProxy;
			containerPortal = 0967254321C737C900C79CE8 /* Project object */;
			proxyType = 1;
			remoteGlobalIDString = 0967254A21C737C900C79CE8;
			remoteInfo = BjAiSports;
		};
/* End PBXContainerItemProxy section */

/* Begin PBXFileReference section */
		0919D39521C7B13F00B5E2CD /* UIView+Ext.h */ = {isa = PBXFileReference; fileEncoding = 4; lastKnownFileType = sourcecode.c.h; path = "UIView+Ext.h"; sourceTree = "<group>"; };
		0919D39621C7B13F00B5E2CD /* UIView+Ext.m */ = {isa = PBXFileReference; fileEncoding = 4; lastKnownFileType = sourcecode.c.objc; path = "UIView+Ext.m"; sourceTree = "<group>"; };
		0919D3B121C88DF800B5E2CD /* QLKApiClient.h */ = {isa = PBXFileReference; fileEncoding = 4; lastKnownFileType = sourcecode.c.h; path = QLKApiClient.h; sourceTree = "<group>"; };
		0919D3B221C88DF800B5E2CD /* QLKApiClient+Ext.h */ = {isa = PBXFileReference; fileEncoding = 4; lastKnownFileType = sourcecode.c.h; path = "QLKApiClient+Ext.h"; sourceTree = "<group>"; };
		0919D3B321C88DF800B5E2CD /* QLKApiClient+Ext.m */ = {isa = PBXFileReference; fileEncoding = 4; lastKnownFileType = sourcecode.c.objc; path = "QLKApiClient+Ext.m"; sourceTree = "<group>"; };
		0919D3B421C88DF800B5E2CD /* QLKApiClient.m */ = {isa = PBXFileReference; fileEncoding = 4; lastKnownFileType = sourcecode.c.objc; path = QLKApiClient.m; sourceTree = "<group>"; };
		0919D3B721C88E2B00B5E2CD /* KCConstants_API.h */ = {isa = PBXFileReference; fileEncoding = 4; lastKnownFileType = sourcecode.c.h; path = KCConstants_API.h; sourceTree = "<group>"; };
		0919D3BB21C8912C00B5E2CD /* JSONKit.h */ = {isa = PBXFileReference; fileEncoding = 4; lastKnownFileType = sourcecode.c.h; path = JSONKit.h; sourceTree = "<group>"; };
		0919D3BC21C8912C00B5E2CD /* JSONKit.m */ = {isa = PBXFileReference; fileEncoding = 4; lastKnownFileType = sourcecode.c.objc; path = JSONKit.m; sourceTree = "<group>"; };
		0919D3BD21C8912C00B5E2CD /* KXJson.m */ = {isa = PBXFileReference; fileEncoding = 4; lastKnownFileType = sourcecode.c.objc; path = KXJson.m; sourceTree = "<group>"; };
		0919D3BE21C8912C00B5E2CD /* KXJson.h */ = {isa = PBXFileReference; fileEncoding = 4; lastKnownFileType = sourcecode.c.h; path = KXJson.h; sourceTree = "<group>"; };
		0919D3C121C892AC00B5E2CD /* NSDictionary+Ext.m */ = {isa = PBXFileReference; fileEncoding = 4; lastKnownFileType = sourcecode.c.objc; path = "NSDictionary+Ext.m"; sourceTree = "<group>"; };
		0919D3C221C892AC00B5E2CD /* NSDictionary+Ext.h */ = {isa = PBXFileReference; fileEncoding = 4; lastKnownFileType = sourcecode.c.h; path = "NSDictionary+Ext.h"; sourceTree = "<group>"; };
		0919D3C421C892FC00B5E2CD /* NSMutableArray+Ext.h */ = {isa = PBXFileReference; fileEncoding = 4; lastKnownFileType = sourcecode.c.h; path = "NSMutableArray+Ext.h"; sourceTree = "<group>"; };
		0919D3C521C892FC00B5E2CD /* NSMutableArray+Ext.m */ = {isa = PBXFileReference; fileEncoding = 4; lastKnownFileType = sourcecode.c.objc; path = "NSMutableArray+Ext.m"; sourceTree = "<group>"; };
		0919D3C721C896B400B5E2CD /* QLKEnvironmentModel.m */ = {isa = PBXFileReference; fileEncoding = 4; lastKnownFileType = sourcecode.c.objc; path = QLKEnvironmentModel.m; sourceTree = "<group>"; };
		0919D3C821C896B400B5E2CD /* QLKEnvironmentModel.h */ = {isa = PBXFileReference; fileEncoding = 4; lastKnownFileType = sourcecode.c.h; path = QLKEnvironmentModel.h; sourceTree = "<group>"; };
		0919D3CB21C89A3800B5E2CD /* NSString+Ext.h */ = {isa = PBXFileReference; lastKnownFileType = sourcecode.c.h; path = "NSString+Ext.h"; sourceTree = "<group>"; };
		0919D3CC21C89A3800B5E2CD /* NSString+Ext.m */ = {isa = PBXFileReference; lastKnownFileType = sourcecode.c.objc; path = "NSString+Ext.m"; sourceTree = "<group>"; };
		0967254B21C737C900C79CE8 /* BjAiSports.app */ = {isa = PBXFileReference; explicitFileType = wrapper.application; includeInIndex = 0; path = BjAiSports.app; sourceTree = BUILT_PRODUCTS_DIR; };
		0967254E21C737C900C79CE8 /* AppDelegate.h */ = {isa = PBXFileReference; lastKnownFileType = sourcecode.c.h; path = AppDelegate.h; sourceTree = "<group>"; };
		0967254F21C737CA00C79CE8 /* AppDelegate.m */ = {isa = PBXFileReference; lastKnownFileType = sourcecode.c.objc; path = AppDelegate.m; sourceTree = "<group>"; };
		0967255721C737CC00C79CE8 /* Assets.xcassets */ = {isa = PBXFileReference; lastKnownFileType = folder.assetcatalog; path = Assets.xcassets; sourceTree = "<group>"; };
		0967255C21C737CC00C79CE8 /* Info.plist */ = {isa = PBXFileReference; lastKnownFileType = text.plist.xml; path = Info.plist; sourceTree = "<group>"; };
		0967255D21C737CC00C79CE8 /* main.m */ = {isa = PBXFileReference; lastKnownFileType = sourcecode.c.objc; path = main.m; sourceTree = "<group>"; };
		0967256321C737CC00C79CE8 /* BjAiSportsTests.xctest */ = {isa = PBXFileReference; explicitFileType = wrapper.cfbundle; includeInIndex = 0; path = BjAiSportsTests.xctest; sourceTree = BUILT_PRODUCTS_DIR; };
		0967256721C737CC00C79CE8 /* BjAiSportsTests.m */ = {isa = PBXFileReference; lastKnownFileType = sourcecode.c.objc; path = BjAiSportsTests.m; sourceTree = "<group>"; };
		0967256921C737CC00C79CE8 /* Info.plist */ = {isa = PBXFileReference; lastKnownFileType = text.plist.xml; path = Info.plist; sourceTree = "<group>"; };
		0967256E21C737CC00C79CE8 /* BjAiSportsUITests.xctest */ = {isa = PBXFileReference; explicitFileType = wrapper.cfbundle; includeInIndex = 0; path = BjAiSportsUITests.xctest; sourceTree = BUILT_PRODUCTS_DIR; };
		0967257221C737CC00C79CE8 /* BjAiSportsUITests.m */ = {isa = PBXFileReference; lastKnownFileType = sourcecode.c.objc; path = BjAiSportsUITests.m; sourceTree = "<group>"; };
		0967257421C737CC00C79CE8 /* Info.plist */ = {isa = PBXFileReference; lastKnownFileType = text.plist.xml; path = Info.plist; sourceTree = "<group>"; };
		09BD11AD21C79676005B72D7 /* RDVTabBarController.m */ = {isa = PBXFileReference; fileEncoding = 4; lastKnownFileType = sourcecode.c.objc; path = RDVTabBarController.m; sourceTree = "<group>"; };
		09BD11AE21C79676005B72D7 /* RDVTabBar.m */ = {isa = PBXFileReference; fileEncoding = 4; lastKnownFileType = sourcecode.c.objc; path = RDVTabBar.m; sourceTree = "<group>"; };
		09BD11AF21C79676005B72D7 /* RDVTabBarItem.h */ = {isa = PBXFileReference; fileEncoding = 4; lastKnownFileType = sourcecode.c.h; path = RDVTabBarItem.h; sourceTree = "<group>"; };
		09BD11B021C79676005B72D7 /* RDVTabBarItem.m */ = {isa = PBXFileReference; fileEncoding = 4; lastKnownFileType = sourcecode.c.objc; path = RDVTabBarItem.m; sourceTree = "<group>"; };
		09BD11B121C79676005B72D7 /* RDVTabBarController.h */ = {isa = PBXFileReference; fileEncoding = 4; lastKnownFileType = sourcecode.c.h; path = RDVTabBarController.h; sourceTree = "<group>"; };
		09BD11B221C79676005B72D7 /* RDVTabBar.h */ = {isa = PBXFileReference; fileEncoding = 4; lastKnownFileType = sourcecode.c.h; path = RDVTabBar.h; sourceTree = "<group>"; };
		09BD11B821C79834005B72D7 /* QLKNavigationController.h */ = {isa = PBXFileReference; fileEncoding = 4; lastKnownFileType = sourcecode.c.h; path = QLKNavigationController.h; sourceTree = "<group>"; };
		09BD11B921C79834005B72D7 /* QLKNavigationController.m */ = {isa = PBXFileReference; fileEncoding = 4; lastKnownFileType = sourcecode.c.objc; path = QLKNavigationController.m; sourceTree = "<group>"; };
		09BD11BB21C798AB005B72D7 /* QLKSubBaseViewController.h */ = {isa = PBXFileReference; fileEncoding = 4; lastKnownFileType = sourcecode.c.h; path = QLKSubBaseViewController.h; sourceTree = "<group>"; };
		09BD11BC21C798AB005B72D7 /* QLKBaseViewController.h */ = {isa = PBXFileReference; fileEncoding = 4; lastKnownFileType = sourcecode.c.h; path = QLKBaseViewController.h; sourceTree = "<group>"; };
		09BD11BD21C798AB005B72D7 /* QLKBaseViewController.m */ = {isa = PBXFileReference; fileEncoding = 4; lastKnownFileType = sourcecode.c.objc; path = QLKBaseViewController.m; sourceTree = "<group>"; };
		09BD11BE21C798AB005B72D7 /* QLKSubBaseViewController.m */ = {isa = PBXFileReference; fileEncoding = 4; lastKnownFileType = sourcecode.c.objc; path = QLKSubBaseViewController.m; sourceTree = "<group>"; };
		09BD11C321C7A654005B72D7 /* Common-Prefix.pch */ = {isa = PBXFileReference; lastKnownFileType = sourcecode.c.h; path = "Common-Prefix.pch"; sourceTree = "<group>"; };
		09BD11C421C7A7F7005B72D7 /* Static_Method.h */ = {isa = PBXFileReference; lastKnownFileType = sourcecode.c.h; path = Static_Method.h; sourceTree = "<group>"; };
		09BD11C721C7A8CA005B72D7 /* UIColor+Ext.m */ = {isa = PBXFileReference; fileEncoding = 4; lastKnownFileType = sourcecode.c.objc; path = "UIColor+Ext.m"; sourceTree = "<group>"; };
		09BD11C821C7A8CA005B72D7 /* UIColor+Ext.h */ = {isa = PBXFileReference; fileEncoding = 4; lastKnownFileType = sourcecode.c.h; path = "UIColor+Ext.h"; sourceTree = "<group>"; };
		09BD11CC21C8A00D005B72D7 /* BJAHomeController.h */ = {isa = PBXFileReference; lastKnownFileType = sourcecode.c.h; path = BJAHomeController.h; sourceTree = "<group>"; };
		09BD11CD21C8A00D005B72D7 /* BJAHomeController.m */ = {isa = PBXFileReference; lastKnownFileType = sourcecode.c.objc; path = BJAHomeController.m; sourceTree = "<group>"; };
		09BD11CF21C8A022005B72D7 /* BJAMineController.h */ = {isa = PBXFileReference; lastKnownFileType = sourcecode.c.h; path = BJAMineController.h; sourceTree = "<group>"; };
		09BD11D021C8A022005B72D7 /* BJAMineController.m */ = {isa = PBXFileReference; lastKnownFileType = sourcecode.c.objc; path = BJAMineController.m; sourceTree = "<group>"; };
		09BD11D221C8A034005B72D7 /* BJACourseController.h */ = {isa = PBXFileReference; lastKnownFileType = sourcecode.c.h; path = BJACourseController.h; sourceTree = "<group>"; };
		09BD11D321C8A034005B72D7 /* BJACourseController.m */ = {isa = PBXFileReference; lastKnownFileType = sourcecode.c.objc; path = BJACourseController.m; sourceTree = "<group>"; };
		09BD11D521C8A04B005B72D7 /* BJASocialController.h */ = {isa = PBXFileReference; lastKnownFileType = sourcecode.c.h; path = BJASocialController.h; sourceTree = "<group>"; };
		09BD11D621C8A04B005B72D7 /* BJASocialController.m */ = {isa = PBXFileReference; lastKnownFileType = sourcecode.c.objc; path = BJASocialController.m; sourceTree = "<group>"; };
		09BD11D921C8C3DD005B72D7 /* navigationbar_background.png */ = {isa = PBXFileReference; lastKnownFileType = image.png; path = navigationbar_background.png; sourceTree = "<group>"; };
		09BD11DA21C8C3DD005B72D7 /* navigationbar_background@2x.png */ = {isa = PBXFileReference; lastKnownFileType = image.png; path = "navigationbar_background@2x.png"; sourceTree = "<group>"; };
		09BD11DB21C8C3DD005B72D7 /* navigationbar_background_tall.png */ = {isa = PBXFileReference; lastKnownFileType = image.png; path = navigationbar_background_tall.png; sourceTree = "<group>"; };
		09BD11DC21C8C3DD005B72D7 /* navigationbar_background_tall@2x.png */ = {isa = PBXFileReference; lastKnownFileType = image.png; path = "navigationbar_background_tall@2x.png"; sourceTree = "<group>"; };
		09BD11EA21C8D66E005B72D7 /* QLKDeviceIdentifier.h */ = {isa = PBXFileReference; fileEncoding = 4; lastKnownFileType = sourcecode.c.h; path = QLKDeviceIdentifier.h; sourceTree = "<group>"; };
		09BD11EB21C8D66E005B72D7 /* QLKDeviceIdentifier.m */ = {isa = PBXFileReference; fileEncoding = 4; lastKnownFileType = sourcecode.c.objc; path = QLKDeviceIdentifier.m; sourceTree = "<group>"; };
		09BD11ED21C8D676005B72D7 /* QLKHelpWindowManager.h */ = {isa = PBXFileReference; fileEncoding = 4; lastKnownFileType = sourcecode.c.h; path = QLKHelpWindowManager.h; sourceTree = "<group>"; };
		09BD11EE21C8D676005B72D7 /* QLKHelpWindow.h */ = {isa = PBXFileReference; fileEncoding = 4; lastKnownFileType = sourcecode.c.h; path = QLKHelpWindow.h; sourceTree = "<group>"; };
		09BD11EF21C8D676005B72D7 /* QLKHelpWindowManager.m */ = {isa = PBXFileReference; fileEncoding = 4; lastKnownFileType = sourcecode.c.objc; path = QLKHelpWindowManager.m; sourceTree = "<group>"; };
		09BD11F021C8D676005B72D7 /* QLKHelpWindow.m */ = {isa = PBXFileReference; fileEncoding = 4; lastKnownFileType = sourcecode.c.objc; path = QLKHelpWindow.m; sourceTree = "<group>"; };
		09BD11F421C8D6C5005B72D7 /* QQPopMenuView.h */ = {isa = PBXFileReference; fileEncoding = 4; lastKnownFileType = sourcecode.c.h; path = QQPopMenuView.h; sourceTree = "<group>"; };
		09BD11F521C8D6C6005B72D7 /* QQPopMenuView.m */ = {isa = PBXFileReference; fileEncoding = 4; lastKnownFileType = sourcecode.c.objc; path = QQPopMenuView.m; sourceTree = "<group>"; };
		09BD11F721C8E2CE005B72D7 /* SFHFKeychainUtils.h */ = {isa = PBXFileReference; fileEncoding = 4; lastKnownFileType = sourcecode.c.h; path = SFHFKeychainUtils.h; sourceTree = "<group>"; };
		09BD11F821C8E2CE005B72D7 /* SFHFKeychainUtils.m */ = {isa = PBXFileReference; fileEncoding = 4; lastKnownFileType = sourcecode.c.objc; path = SFHFKeychainUtils.m; sourceTree = "<group>"; };
		09BD11FD21C8E93F005B72D7 /* QLKImageScaleTools.h */ = {isa = PBXFileReference; fileEncoding = 4; lastKnownFileType = sourcecode.c.h; path = QLKImageScaleTools.h; sourceTree = "<group>"; };
		09BD11FE21C8E93F005B72D7 /* QLKImageScaleTools.m */ = {isa = PBXFileReference; fileEncoding = 4; lastKnownFileType = sourcecode.c.objc; path = QLKImageScaleTools.m; sourceTree = "<group>"; };
		09BD120421C8F055005B72D7 /* QLKCommonAlertView.h */ = {isa = PBXFileReference; fileEncoding = 4; lastKnownFileType = sourcecode.c.h; path = QLKCommonAlertView.h; sourceTree = "<group>"; };
		09BD120521C8F055005B72D7 /* QLKCommonAlertView.m */ = {isa = PBXFileReference; fileEncoding = 4; lastKnownFileType = sourcecode.c.objc; path = QLKCommonAlertView.m; sourceTree = "<group>"; };
		09BD120621C8F055005B72D7 /* QLKCommonAlertView+Ext.m */ = {isa = PBXFileReference; fileEncoding = 4; lastKnownFileType = sourcecode.c.objc; path = "QLKCommonAlertView+Ext.m"; sourceTree = "<group>"; };
		09BD120721C8F055005B72D7 /* QLKCommonAlertView+Ext.h */ = {isa = PBXFileReference; fileEncoding = 4; lastKnownFileType = sourcecode.c.h; path = "QLKCommonAlertView+Ext.h"; sourceTree = "<group>"; };
		09BD120A21C8F064005B72D7 /* QLKTextView.m */ = {isa = PBXFileReference; fileEncoding = 4; lastKnownFileType = sourcecode.c.objc; path = QLKTextView.m; sourceTree = "<group>"; };
		09BD120B21C8F064005B72D7 /* QLKTextView.h */ = {isa = PBXFileReference; fileEncoding = 4; lastKnownFileType = sourcecode.c.h; path = QLKTextView.h; sourceTree = "<group>"; };
		09BD120D21C8F071005B72D7 /* QLKTextField.h */ = {isa = PBXFileReference; fileEncoding = 4; lastKnownFileType = sourcecode.c.h; path = QLKTextField.h; sourceTree = "<group>"; };
		09BD120E21C8F071005B72D7 /* QLKUITextField.m */ = {isa = PBXFileReference; fileEncoding = 4; lastKnownFileType = sourcecode.c.objc; path = QLKUITextField.m; sourceTree = "<group>"; };
		09BD120F21C8F071005B72D7 /* QLKUITextField.h */ = {isa = PBXFileReference; fileEncoding = 4; lastKnownFileType = sourcecode.c.h; path = QLKUITextField.h; sourceTree = "<group>"; };
		09BD121021C8F071005B72D7 /* QLKTextField.m */ = {isa = PBXFileReference; fileEncoding = 4; lastKnownFileType = sourcecode.c.objc; path = QLKTextField.m; sourceTree = "<group>"; };
		09BD121321C8F336005B72D7 /* CustomMaskView.m */ = {isa = PBXFileReference; fileEncoding = 4; lastKnownFileType = sourcecode.c.objc; path = CustomMaskView.m; sourceTree = "<group>"; };
		09BD121421C8F336005B72D7 /* CustomMaskView.h */ = {isa = PBXFileReference; fileEncoding = 4; lastKnownFileType = sourcecode.c.h; path = CustomMaskView.h; sourceTree = "<group>"; };
		8BE280E22A19F674F2943E9D /* Pods-BjAiSports.debug.xcconfig */ = {isa = PBXFileReference; includeInIndex = 1; lastKnownFileType = text.xcconfig; name = "Pods-BjAiSports.debug.xcconfig"; path = "Pods/Target Support Files/Pods-BjAiSports/Pods-BjAiSports.debug.xcconfig"; sourceTree = "<group>"; };
		F598745443A519538028B6A0 /* libPods-BjAiSports.a */ = {isa = PBXFileReference; explicitFileType = archive.ar; includeInIndex = 0; path = "libPods-BjAiSports.a"; sourceTree = BUILT_PRODUCTS_DIR; };
		FA24F151C8970E8E80F2DAAD /* Pods-BjAiSports.release.xcconfig */ = {isa = PBXFileReference; includeInIndex = 1; lastKnownFileType = text.xcconfig; name = "Pods-BjAiSports.release.xcconfig"; path = "Pods/Target Support Files/Pods-BjAiSports/Pods-BjAiSports.release.xcconfig"; sourceTree = "<group>"; };
/* End PBXFileReference section */

/* Begin PBXFrameworksBuildPhase section */
		0967254821C737C900C79CE8 /* Frameworks */ = {
			isa = PBXFrameworksBuildPhase;
			buildActionMask = 2147483647;
			files = (
				792E537249202CC160E37CB7 /* libPods-BjAiSports.a in Frameworks */,
			);
			runOnlyForDeploymentPostprocessing = 0;
		};
		0967256021C737CC00C79CE8 /* Frameworks */ = {
			isa = PBXFrameworksBuildPhase;
			buildActionMask = 2147483647;
			files = (
			);
			runOnlyForDeploymentPostprocessing = 0;
		};
		0967256B21C737CC00C79CE8 /* Frameworks */ = {
			isa = PBXFrameworksBuildPhase;
			buildActionMask = 2147483647;
			files = (
			);
			runOnlyForDeploymentPostprocessing = 0;
		};
/* End PBXFrameworksBuildPhase section */

/* Begin PBXGroup section */
		0919D39821C880A700B5E2CD /* Resource */ = {
			isa = PBXGroup;
			children = (
				0919D3A421C882A400B5E2CD /* Data */,
				0919D39921C8826900B5E2CD /* Image */,
			);
			path = Resource;
			sourceTree = "<group>";
		};
		0919D39921C8826900B5E2CD /* Image */ = {
			isa = PBXGroup;
			children = (
				09BD11DB21C8C3DD005B72D7 /* navigationbar_background_tall.png */,
				09BD11DC21C8C3DD005B72D7 /* navigationbar_background_tall@2x.png */,
				09BD11D921C8C3DD005B72D7 /* navigationbar_background.png */,
				09BD11DA21C8C3DD005B72D7 /* navigationbar_background@2x.png */,
			);
			path = Image;
			sourceTree = "<group>";
		};
		0919D3A421C882A400B5E2CD /* Data */ = {
			isa = PBXGroup;
			children = (
			);
			path = Data;
			sourceTree = "<group>";
		};
		0919D3BA21C890E100B5E2CD /* JSONKit */ = {
			isa = PBXGroup;
			children = (
				0919D3BB21C8912C00B5E2CD /* JSONKit.h */,
				0919D3BC21C8912C00B5E2CD /* JSONKit.m */,
				0919D3BE21C8912C00B5E2CD /* KXJson.h */,
				0919D3BD21C8912C00B5E2CD /* KXJson.m */,
			);
			path = JSONKit;
			sourceTree = "<group>";
		};
		0919D3CE21C89F1200B5E2CD /* Course */ = {
			isa = PBXGroup;
			children = (
				09BD11D221C8A034005B72D7 /* BJACourseController.h */,
				09BD11D321C8A034005B72D7 /* BJACourseController.m */,
			);
			path = Course;
			sourceTree = "<group>";
		};
		0919D3CF21C89F3F00B5E2CD /* Society */ = {
			isa = PBXGroup;
			children = (
				09BD11D521C8A04B005B72D7 /* BJASocialController.h */,
				09BD11D621C8A04B005B72D7 /* BJASocialController.m */,
			);
			path = Society;
			sourceTree = "<group>";
		};
		0967254221C737C900C79CE8 = {
			isa = PBXGroup;
			children = (
				0967254D21C737C900C79CE8 /* BjAiSports */,
				0967256621C737CC00C79CE8 /* BjAiSportsTests */,
				0967257121C737CC00C79CE8 /* BjAiSportsUITests */,
				0967254C21C737C900C79CE8 /* Products */,
				5343E4C7D73F90EFD9E97B7F /* Pods */,
				B56BCF292C5BCC8EC731844A /* Frameworks */,
			);
			sourceTree = "<group>";
		};
		0967254C21C737C900C79CE8 /* Products */ = {
			isa = PBXGroup;
			children = (
				0967254B21C737C900C79CE8 /* BjAiSports.app */,
				0967256321C737CC00C79CE8 /* BjAiSportsTests.xctest */,
				0967256E21C737CC00C79CE8 /* BjAiSportsUITests.xctest */,
			);
			name = Products;
			sourceTree = "<group>";
		};
		0967254D21C737C900C79CE8 /* BjAiSports */ = {
			isa = PBXGroup;
			children = (
				0919D39821C880A700B5E2CD /* Resource */,
				0967258121C7385800C79CE8 /* General */,
				0967258021C7383400C79CE8 /* Appdelegate */,
				0967255721C737CC00C79CE8 /* Assets.xcassets */,
				0967255C21C737CC00C79CE8 /* Info.plist */,
				0967255D21C737CC00C79CE8 /* main.m */,
			);
			path = BjAiSports;
			sourceTree = "<group>";
		};
		0967256621C737CC00C79CE8 /* BjAiSportsTests */ = {
			isa = PBXGroup;
			children = (
				0967256721C737CC00C79CE8 /* BjAiSportsTests.m */,
				0967256921C737CC00C79CE8 /* Info.plist */,
			);
			path = BjAiSportsTests;
			sourceTree = "<group>";
		};
		0967257121C737CC00C79CE8 /* BjAiSportsUITests */ = {
			isa = PBXGroup;
			children = (
				0967257221C737CC00C79CE8 /* BjAiSportsUITests.m */,
				0967257421C737CC00C79CE8 /* Info.plist */,
			);
			path = BjAiSportsUITests;
			sourceTree = "<group>";
		};
		0967258021C7383400C79CE8 /* Appdelegate */ = {
			isa = PBXGroup;
			children = (
				0967254E21C737C900C79CE8 /* AppDelegate.h */,
				0967254F21C737CA00C79CE8 /* AppDelegate.m */,
			);
			path = Appdelegate;
			sourceTree = "<group>";
		};
		0967258121C7385800C79CE8 /* General */ = {
			isa = PBXGroup;
			children = (
				0967258521C73A6600C79CE8 /* Macro */,
				0967258421C73A5B00C79CE8 /* Modules */,
				0967258321C73A4F00C79CE8 /* Category */,
				0967258221C73A4300C79CE8 /* Libs */,
			);
			path = General;
			sourceTree = "<group>";
		};
		0967258221C73A4300C79CE8 /* Libs */ = {
			isa = PBXGroup;
			children = (
				0919D3BA21C890E100B5E2CD /* JSONKit */,
			);
			path = Libs;
			sourceTree = "<group>";
		};
		0967258321C73A4F00C79CE8 /* Category */ = {
			isa = PBXGroup;
			children = (
				09BD11E721C8D5C2005B72D7 /* Util */,
				0919D3C421C892FC00B5E2CD /* NSMutableArray+Ext.h */,
				0919D3C521C892FC00B5E2CD /* NSMutableArray+Ext.m */,
				0919D3C221C892AC00B5E2CD /* NSDictionary+Ext.h */,
				0919D3C121C892AC00B5E2CD /* NSDictionary+Ext.m */,
				0919D39521C7B13F00B5E2CD /* UIView+Ext.h */,
				0919D39621C7B13F00B5E2CD /* UIView+Ext.m */,
				09BD11C821C7A8CA005B72D7 /* UIColor+Ext.h */,
				09BD11C721C7A8CA005B72D7 /* UIColor+Ext.m */,
				0919D3CB21C89A3800B5E2CD /* NSString+Ext.h */,
				0919D3CC21C89A3800B5E2CD /* NSString+Ext.m */,
			);
			path = Category;
			sourceTree = "<group>";
		};
		0967258421C73A5B00C79CE8 /* Modules */ = {
			isa = PBXGroup;
			children = (
				0919D3CF21C89F3F00B5E2CD /* Society */,
				0919D3CE21C89F1200B5E2CD /* Course */,
				0967259121C73B5700C79CE8 /* Mine */,
				0967258D21C73B3500C79CE8 /* Home */,
			);
			path = Modules;
			sourceTree = "<group>";
		};
		0967258521C73A6600C79CE8 /* Macro */ = {
			isa = PBXGroup;
			children = (
				09BD11FA21C8E76E005B72D7 /* Web */,
				0967258921C73AC000C79CE8 /* MVC */,
				0967258821C73AAB00C79CE8 /* NetWorkEngine */,
				0967258721C73A9A00C79CE8 /* MainArchitecture */,
				0967258621C73A9300C79CE8 /* Public */,
			);
			path = Macro;
			sourceTree = "<group>";
		};
		0967258621C73A9300C79CE8 /* Public */ = {
			isa = PBXGroup;
			children = (
				09BD11C321C7A654005B72D7 /* Common-Prefix.pch */,
				09BD11C421C7A7F7005B72D7 /* Static_Method.h */,
			);
			path = Public;
			sourceTree = "<group>";
		};
		0967258721C73A9A00C79CE8 /* MainArchitecture */ = {
			isa = PBXGroup;
			children = (
				09BD11B721C79818005B72D7 /* Navgation */,
				09BD11AC21C79657005B72D7 /* TabBar */,
			);
			path = MainArchitecture;
			sourceTree = "<group>";
		};
		0967258821C73AAB00C79CE8 /* NetWorkEngine */ = {
			isa = PBXGroup;
			children = (
				0919D3B721C88E2B00B5E2CD /* KCConstants_API.h */,
				0919D3B121C88DF800B5E2CD /* QLKApiClient.h */,
				0919D3B421C88DF800B5E2CD /* QLKApiClient.m */,
				0919D3B221C88DF800B5E2CD /* QLKApiClient+Ext.h */,
				0919D3B321C88DF800B5E2CD /* QLKApiClient+Ext.m */,
			);
			path = NetWorkEngine;
			sourceTree = "<group>";
		};
		0967258921C73AC000C79CE8 /* MVC */ = {
			isa = PBXGroup;
			children = (
				0967258C21C73AE900C79CE8 /* Controllers */,
				0967258B21C73AE200C79CE8 /* Views */,
				0967258A21C73AD900C79CE8 /* Models */,
			);
			path = MVC;
			sourceTree = "<group>";
		};
		0967258A21C73AD900C79CE8 /* Models */ = {
			isa = PBXGroup;
			children = (
				0919D3C821C896B400B5E2CD /* QLKEnvironmentModel.h */,
				0919D3C721C896B400B5E2CD /* QLKEnvironmentModel.m */,
			);
			path = Models;
			sourceTree = "<group>";
		};
		0967258B21C73AE200C79CE8 /* Views */ = {
			isa = PBXGroup;
			children = (
			);
			path = Views;
			sourceTree = "<group>";
		};
		0967258C21C73AE900C79CE8 /* Controllers */ = {
			isa = PBXGroup;
			children = (
				09BD11BC21C798AB005B72D7 /* QLKBaseViewController.h */,
				09BD11BD21C798AB005B72D7 /* QLKBaseViewController.m */,
				09BD11BB21C798AB005B72D7 /* QLKSubBaseViewController.h */,
				09BD11BE21C798AB005B72D7 /* QLKSubBaseViewController.m */,
			);
			path = Controllers;
			sourceTree = "<group>";
		};
		0967258D21C73B3500C79CE8 /* Home */ = {
			isa = PBXGroup;
			children = (
				0967259021C73B5000C79CE8 /* Controller */,
				0967258F21C73B4B00C79CE8 /* View */,
				0967258E21C73B3C00C79CE8 /* Model */,
			);
			path = Home;
			sourceTree = "<group>";
		};
		0967258E21C73B3C00C79CE8 /* Model */ = {
			isa = PBXGroup;
			children = (
			);
			path = Model;
			sourceTree = "<group>";
		};
		0967258F21C73B4B00C79CE8 /* View */ = {
			isa = PBXGroup;
			children = (
			);
			path = View;
			sourceTree = "<group>";
		};
		0967259021C73B5000C79CE8 /* Controller */ = {
			isa = PBXGroup;
			children = (
				09BD11CC21C8A00D005B72D7 /* BJAHomeController.h */,
				09BD11CD21C8A00D005B72D7 /* BJAHomeController.m */,
			);
			path = Controller;
			sourceTree = "<group>";
		};
		0967259121C73B5700C79CE8 /* Mine */ = {
			isa = PBXGroup;
			children = (
				0967259421C73B7100C79CE8 /* Controller */,
				0967259321C73B6C00C79CE8 /* View */,
				0967259221C73B6600C79CE8 /* Model */,
			);
			path = Mine;
			sourceTree = "<group>";
		};
		0967259221C73B6600C79CE8 /* Model */ = {
			isa = PBXGroup;
			children = (
			);
			path = Model;
			sourceTree = "<group>";
		};
		0967259321C73B6C00C79CE8 /* View */ = {
			isa = PBXGroup;
			children = (
			);
			path = View;
			sourceTree = "<group>";
		};
		0967259421C73B7100C79CE8 /* Controller */ = {
			isa = PBXGroup;
			children = (
				09BD11CF21C8A022005B72D7 /* BJAMineController.h */,
				09BD11D021C8A022005B72D7 /* BJAMineController.m */,
			);
			path = Controller;
			sourceTree = "<group>";
		};
		09BD11AC21C79657005B72D7 /* TabBar */ = {
			isa = PBXGroup;
			children = (
				09BD11B221C79676005B72D7 /* RDVTabBar.h */,
				09BD11AE21C79676005B72D7 /* RDVTabBar.m */,
				09BD11B121C79676005B72D7 /* RDVTabBarController.h */,
				09BD11AD21C79676005B72D7 /* RDVTabBarController.m */,
				09BD11AF21C79676005B72D7 /* RDVTabBarItem.h */,
				09BD11B021C79676005B72D7 /* RDVTabBarItem.m */,
			);
			path = TabBar;
			sourceTree = "<group>";
		};
		09BD11B721C79818005B72D7 /* Navgation */ = {
			isa = PBXGroup;
			children = (
				09BD11B821C79834005B72D7 /* QLKNavigationController.h */,
				09BD11B921C79834005B72D7 /* QLKNavigationController.m */,
			);
			path = Navgation;
			sourceTree = "<group>";
		};
		09BD11E721C8D5C2005B72D7 /* Util */ = {
			isa = PBXGroup;
			children = (
				09BD120321C8EFEF005B72D7 /* TextView */,
				09BD120221C8EFD6005B72D7 /* ToastView */,
				09BD120121C8EFC6005B72D7 /* AlertView */,
				09BD120021C8EFB8005B72D7 /* TextFiled */,
				09BD11FC21C8E922005B72D7 /* ImageTools */,
				09BD11F321C8D699005B72D7 /* PopMenu */,
				09BD11E921C8D637005B72D7 /* DeviceIdentity */,
				09BD11E821C8D62A005B72D7 /* HelpWindow */,
			);
			path = Util;
			sourceTree = "<group>";
		};
		09BD11E821C8D62A005B72D7 /* HelpWindow */ = {
			isa = PBXGroup;
			children = (
				09BD11EE21C8D676005B72D7 /* QLKHelpWindow.h */,
				09BD11F021C8D676005B72D7 /* QLKHelpWindow.m */,
				09BD11ED21C8D676005B72D7 /* QLKHelpWindowManager.h */,
				09BD11EF21C8D676005B72D7 /* QLKHelpWindowManager.m */,
			);
			path = HelpWindow;
			sourceTree = "<group>";
		};
		09BD11E921C8D637005B72D7 /* DeviceIdentity */ = {
			isa = PBXGroup;
			children = (
				09BD11F721C8E2CE005B72D7 /* SFHFKeychainUtils.h */,
				09BD11F821C8E2CE005B72D7 /* SFHFKeychainUtils.m */,
				09BD11EA21C8D66E005B72D7 /* QLKDeviceIdentifier.h */,
				09BD11EB21C8D66E005B72D7 /* QLKDeviceIdentifier.m */,
			);
			path = DeviceIdentity;
			sourceTree = "<group>";
		};
		09BD11F321C8D699005B72D7 /* PopMenu */ = {
			isa = PBXGroup;
			children = (
				09BD11F421C8D6C5005B72D7 /* QQPopMenuView.h */,
				09BD11F521C8D6C6005B72D7 /* QQPopMenuView.m */,
			);
			path = PopMenu;
			sourceTree = "<group>";
		};
		09BD11FA21C8E76E005B72D7 /* Web */ = {
			isa = PBXGroup;
			children = (
			);
			path = Web;
			sourceTree = "<group>";
		};
		09BD11FC21C8E922005B72D7 /* ImageTools */ = {
			isa = PBXGroup;
			children = (
				09BD11FD21C8E93F005B72D7 /* QLKImageScaleTools.h */,
				09BD11FE21C8E93F005B72D7 /* QLKImageScaleTools.m */,
			);
			path = ImageTools;
			sourceTree = "<group>";
		};
		09BD120021C8EFB8005B72D7 /* TextFiled */ = {
			isa = PBXGroup;
			children = (
				09BD120D21C8F071005B72D7 /* QLKTextField.h */,
				09BD121021C8F071005B72D7 /* QLKTextField.m */,
				09BD120F21C8F071005B72D7 /* QLKUITextField.h */,
				09BD120E21C8F071005B72D7 /* QLKUITextField.m */,
			);
			path = TextFiled;
			sourceTree = "<group>";
		};
		09BD120121C8EFC6005B72D7 /* AlertView */ = {
			isa = PBXGroup;
			children = (
				09BD121421C8F336005B72D7 /* CustomMaskView.h */,
				09BD121321C8F336005B72D7 /* CustomMaskView.m */,
				09BD120421C8F055005B72D7 /* QLKCommonAlertView.h */,
				09BD120521C8F055005B72D7 /* QLKCommonAlertView.m */,
				09BD120721C8F055005B72D7 /* QLKCommonAlertView+Ext.h */,
				09BD120621C8F055005B72D7 /* QLKCommonAlertView+Ext.m */,
			);
			path = AlertView;
			sourceTree = "<group>";
		};
		09BD120221C8EFD6005B72D7 /* ToastView */ = {
			isa = PBXGroup;
			children = (
			);
			path = ToastView;
			sourceTree = "<group>";
		};
		09BD120321C8EFEF005B72D7 /* TextView */ = {
			isa = PBXGroup;
			children = (
				09BD120B21C8F064005B72D7 /* QLKTextView.h */,
				09BD120A21C8F064005B72D7 /* QLKTextView.m */,
			);
			path = TextView;
			sourceTree = "<group>";
		};
		5343E4C7D73F90EFD9E97B7F /* Pods */ = {
			isa = PBXGroup;
			children = (
				8BE280E22A19F674F2943E9D /* Pods-BjAiSports.debug.xcconfig */,
				FA24F151C8970E8E80F2DAAD /* Pods-BjAiSports.release.xcconfig */,
			);
			name = Pods;
			sourceTree = "<group>";
		};
		B56BCF292C5BCC8EC731844A /* Frameworks */ = {
			isa = PBXGroup;
			children = (
				F598745443A519538028B6A0 /* libPods-BjAiSports.a */,
			);
			name = Frameworks;
			sourceTree = "<group>";
		};
/* End PBXGroup section */

/* Begin PBXNativeTarget section */
		0967254A21C737C900C79CE8 /* BjAiSports */ = {
			isa = PBXNativeTarget;
			buildConfigurationList = 0967257721C737CC00C79CE8 /* Build configuration list for PBXNativeTarget "BjAiSports" */;
			buildPhases = (
				D0FEF73367FF5586C45C15B0 /* [CP] Check Pods Manifest.lock */,
				0967254721C737C900C79CE8 /* Sources */,
				0967254821C737C900C79CE8 /* Frameworks */,
				0967254921C737C900C79CE8 /* Resources */,
				D3AF61D6E2E7BE26A32E2BC2 /* [CP] Copy Pods Resources */,
			);
			buildRules = (
			);
			dependencies = (
			);
			name = BjAiSports;
			productName = BjAiSports;
			productReference = 0967254B21C737C900C79CE8 /* BjAiSports.app */;
			productType = "com.apple.product-type.application";
		};
		0967256221C737CC00C79CE8 /* BjAiSportsTests */ = {
			isa = PBXNativeTarget;
			buildConfigurationList = 0967257A21C737CC00C79CE8 /* Build configuration list for PBXNativeTarget "BjAiSportsTests" */;
			buildPhases = (
				0967255F21C737CC00C79CE8 /* Sources */,
				0967256021C737CC00C79CE8 /* Frameworks */,
				0967256121C737CC00C79CE8 /* Resources */,
			);
			buildRules = (
			);
			dependencies = (
				0967256521C737CC00C79CE8 /* PBXTargetDependency */,
			);
			name = BjAiSportsTests;
			productName = BjAiSportsTests;
			productReference = 0967256321C737CC00C79CE8 /* BjAiSportsTests.xctest */;
			productType = "com.apple.product-type.bundle.unit-test";
		};
		0967256D21C737CC00C79CE8 /* BjAiSportsUITests */ = {
			isa = PBXNativeTarget;
			buildConfigurationList = 0967257D21C737CC00C79CE8 /* Build configuration list for PBXNativeTarget "BjAiSportsUITests" */;
			buildPhases = (
				0967256A21C737CC00C79CE8 /* Sources */,
				0967256B21C737CC00C79CE8 /* Frameworks */,
				0967256C21C737CC00C79CE8 /* Resources */,
			);
			buildRules = (
			);
			dependencies = (
				0967257021C737CC00C79CE8 /* PBXTargetDependency */,
			);
			name = BjAiSportsUITests;
			productName = BjAiSportsUITests;
			productReference = 0967256E21C737CC00C79CE8 /* BjAiSportsUITests.xctest */;
			productType = "com.apple.product-type.bundle.ui-testing";
		};
/* End PBXNativeTarget section */

/* Begin PBXProject section */
		0967254321C737C900C79CE8 /* Project object */ = {
			isa = PBXProject;
			attributes = {
				LastUpgradeCheck = 0940;
				ORGANIZATIONNAME = "吴林丰";
				TargetAttributes = {
					0967254A21C737C900C79CE8 = {
						CreatedOnToolsVersion = 9.4;
					};
					0967256221C737CC00C79CE8 = {
						CreatedOnToolsVersion = 9.4;
						TestTargetID = 0967254A21C737C900C79CE8;
					};
					0967256D21C737CC00C79CE8 = {
						CreatedOnToolsVersion = 9.4;
						TestTargetID = 0967254A21C737C900C79CE8;
					};
				};
			};
			buildConfigurationList = 0967254621C737C900C79CE8 /* Build configuration list for PBXProject "BjAiSports" */;
			compatibilityVersion = "Xcode 9.3";
			developmentRegion = en;
			hasScannedForEncodings = 0;
			knownRegions = (
				en,
				Base,
			);
			mainGroup = 0967254221C737C900C79CE8;
			productRefGroup = 0967254C21C737C900C79CE8 /* Products */;
			projectDirPath = "";
			projectRoot = "";
			targets = (
				0967254A21C737C900C79CE8 /* BjAiSports */,
				0967256221C737CC00C79CE8 /* BjAiSportsTests */,
				0967256D21C737CC00C79CE8 /* BjAiSportsUITests */,
			);
		};
/* End PBXProject section */

/* Begin PBXResourcesBuildPhase section */
		0967254921C737C900C79CE8 /* Resources */ = {
			isa = PBXResourcesBuildPhase;
			buildActionMask = 2147483647;
			files = (
				09BD11DE21C8C3DE005B72D7 /* navigationbar_background@2x.png in Resources */,
				0967255821C737CC00C79CE8 /* Assets.xcassets in Resources */,
				09BD11E021C8C3DE005B72D7 /* navigationbar_background_tall@2x.png in Resources */,
				09BD11DD21C8C3DE005B72D7 /* navigationbar_background.png in Resources */,
				09BD11DF21C8C3DE005B72D7 /* navigationbar_background_tall.png in Resources */,
			);
			runOnlyForDeploymentPostprocessing = 0;
		};
		0967256121C737CC00C79CE8 /* Resources */ = {
			isa = PBXResourcesBuildPhase;
			buildActionMask = 2147483647;
			files = (
			);
			runOnlyForDeploymentPostprocessing = 0;
		};
		0967256C21C737CC00C79CE8 /* Resources */ = {
			isa = PBXResourcesBuildPhase;
			buildActionMask = 2147483647;
			files = (
			);
			runOnlyForDeploymentPostprocessing = 0;
		};
/* End PBXResourcesBuildPhase section */

/* Begin PBXShellScriptBuildPhase section */
		D0FEF73367FF5586C45C15B0 /* [CP] Check Pods Manifest.lock */ = {
			isa = PBXShellScriptBuildPhase;
			buildActionMask = 2147483647;
			files = (
			);
			inputPaths = (
				"${PODS_PODFILE_DIR_PATH}/Podfile.lock",
				"${PODS_ROOT}/Manifest.lock",
			);
			name = "[CP] Check Pods Manifest.lock";
			outputPaths = (
				"$(DERIVED_FILE_DIR)/Pods-BjAiSports-checkManifestLockResult.txt",
			);
			runOnlyForDeploymentPostprocessing = 0;
			shellPath = /bin/sh;
			shellScript = "diff \"${PODS_PODFILE_DIR_PATH}/Podfile.lock\" \"${PODS_ROOT}/Manifest.lock\" > /dev/null\nif [ $? != 0 ] ; then\n    # print error to STDERR\n    echo \"error: The sandbox is not in sync with the Podfile.lock. Run 'pod install' or update your CocoaPods installation.\" >&2\n    exit 1\nfi\n# This output is used by Xcode 'outputs' to avoid re-running this script phase.\necho \"SUCCESS\" > \"${SCRIPT_OUTPUT_FILE_0}\"\n";
			showEnvVarsInLog = 0;
		};
		D3AF61D6E2E7BE26A32E2BC2 /* [CP] Copy Pods Resources */ = {
			isa = PBXShellScriptBuildPhase;
			buildActionMask = 2147483647;
			files = (
			);
			inputPaths = (
				"${SRCROOT}/Pods/Target Support Files/Pods-BjAiSports/Pods-BjAiSports-resources.sh",
				"${PODS_ROOT}/MJRefresh/MJRefresh/MJRefresh.bundle",
			);
			name = "[CP] Copy Pods Resources";
			outputPaths = (
				"${TARGET_BUILD_DIR}/${UNLOCALIZED_RESOURCES_FOLDER_PATH}/MJRefresh.bundle",
			);
			runOnlyForDeploymentPostprocessing = 0;
			shellPath = /bin/sh;
			shellScript = "\"${SRCROOT}/Pods/Target Support Files/Pods-BjAiSports/Pods-BjAiSports-resources.sh\"\n";
			showEnvVarsInLog = 0;
		};
/* End PBXShellScriptBuildPhase section */

/* Begin PBXSourcesBuildPhase section */
		0967254721C737C900C79CE8 /* Sources */ = {
			isa = PBXSourcesBuildPhase;
			buildActionMask = 2147483647;
			files = (
				0919D3C921C896B400B5E2CD /* QLKEnvironmentModel.m in Sources */,
				09BD11F221C8D676005B72D7 /* QLKHelpWindow.m in Sources */,
				0919D3C321C892AC00B5E2CD /* NSDictionary+Ext.m in Sources */,
				09BD11D121C8A023005B72D7 /* BJAMineController.m in Sources */,
				09BD11EC21C8D66E005B72D7 /* QLKDeviceIdentifier.m in Sources */,
				09BD11F921C8E2CE005B72D7 /* SFHFKeychainUtils.m in Sources */,
				09BD11B321C79676005B72D7 /* RDVTabBarController.m in Sources */,
				0919D3C621C892FC00B5E2CD /* NSMutableArray+Ext.m in Sources */,
				09BD11CE21C8A00D005B72D7 /* BJAHomeController.m in Sources */,
				0919D3B521C88DF800B5E2CD /* QLKApiClient+Ext.m in Sources */,
				09BD120821C8F055005B72D7 /* QLKCommonAlertView.m in Sources */,
				0919D3B621C88DF800B5E2CD /* QLKApiClient.m in Sources */,
				09BD11BA21C79834005B72D7 /* QLKNavigationController.m in Sources */,
				0967255E21C737CC00C79CE8 /* main.m in Sources */,
				09BD11BF21C798AB005B72D7 /* QLKBaseViewController.m in Sources */,
				09BD11C921C7A8CA005B72D7 /* UIColor+Ext.m in Sources */,
				09BD11F121C8D676005B72D7 /* QLKHelpWindowManager.m in Sources */,
				09BD11F621C8D6C6005B72D7 /* QQPopMenuView.m in Sources */,
				09BD11B421C79676005B72D7 /* RDVTabBar.m in Sources */,
				09BD120921C8F055005B72D7 /* QLKCommonAlertView+Ext.m in Sources */,
				0919D39721C7B13F00B5E2CD /* UIView+Ext.m in Sources */,
				0919D3CD21C89A3800B5E2CD /* NSString+Ext.m in Sources */,
				0967255021C737CA00C79CE8 /* AppDelegate.m in Sources */,
				09BD121521C8F336005B72D7 /* CustomMaskView.m in Sources */,
				09BD11D721C8A04B005B72D7 /* BJASocialController.m in Sources */,
				09BD120C21C8F064005B72D7 /* QLKTextView.m in Sources */,
				09BD11B521C79676005B72D7 /* RDVTabBarItem.m in Sources */,
				09BD121121C8F071005B72D7 /* QLKUITextField.m in Sources */,
				0919D3C021C8912C00B5E2CD /* KXJson.m in Sources */,
				0919D3BF21C8912C00B5E2CD /* JSONKit.m in Sources */,
				09BD121221C8F071005B72D7 /* QLKTextField.m in Sources */,
				09BD11D421C8A034005B72D7 /* BJACourseController.m in Sources */,
				09BD11C021C798AB005B72D7 /* QLKSubBaseViewController.m in Sources */,
				09BD11FF21C8E93F005B72D7 /* QLKImageScaleTools.m in Sources */,
			);
			runOnlyForDeploymentPostprocessing = 0;
		};
		0967255F21C737CC00C79CE8 /* Sources */ = {
			isa = PBXSourcesBuildPhase;
			buildActionMask = 2147483647;
			files = (
				0967256821C737CC00C79CE8 /* BjAiSportsTests.m in Sources */,
			);
			runOnlyForDeploymentPostprocessing = 0;
		};
		0967256A21C737CC00C79CE8 /* Sources */ = {
			isa = PBXSourcesBuildPhase;
			buildActionMask = 2147483647;
			files = (
				0967257321C737CC00C79CE8 /* BjAiSportsUITests.m in Sources */,
			);
			runOnlyForDeploymentPostprocessing = 0;
		};
/* End PBXSourcesBuildPhase section */

/* Begin PBXTargetDependency section */
		0967256521C737CC00C79CE8 /* PBXTargetDependency */ = {
			isa = PBXTargetDependency;
			target = 0967254A21C737C900C79CE8 /* BjAiSports */;
			targetProxy = 0967256421C737CC00C79CE8 /* PBXContainerItemProxy */;
		};
		0967257021C737CC00C79CE8 /* PBXTargetDependency */ = {
			isa = PBXTargetDependency;
			target = 0967254A21C737C900C79CE8 /* BjAiSports */;
			targetProxy = 0967256F21C737CC00C79CE8 /* PBXContainerItemProxy */;
		};
/* End PBXTargetDependency section */

/* Begin XCBuildConfiguration section */
		0967257521C737CC00C79CE8 /* Debug */ = {
			isa = XCBuildConfiguration;
			buildSettings = {
				ALWAYS_SEARCH_USER_PATHS = NO;
				CLANG_ANALYZER_NONNULL = YES;
				CLANG_ANALYZER_NUMBER_OBJECT_CONVERSION = YES_AGGRESSIVE;
				CLANG_CXX_LANGUAGE_STANDARD = "gnu++14";
				CLANG_CXX_LIBRARY = "libc++";
				CLANG_ENABLE_MODULES = YES;
				CLANG_ENABLE_OBJC_ARC = YES;
				CLANG_ENABLE_OBJC_WEAK = YES;
				CLANG_WARN_BLOCK_CAPTURE_AUTORELEASING = YES;
				CLANG_WARN_BOOL_CONVERSION = YES;
				CLANG_WARN_COMMA = YES;
				CLANG_WARN_CONSTANT_CONVERSION = YES;
				CLANG_WARN_DEPRECATED_OBJC_IMPLEMENTATIONS = YES;
				CLANG_WARN_DIRECT_OBJC_ISA_USAGE = YES_ERROR;
				CLANG_WARN_DOCUMENTATION_COMMENTS = YES;
				CLANG_WARN_EMPTY_BODY = YES;
				CLANG_WARN_ENUM_CONVERSION = YES;
				CLANG_WARN_INFINITE_RECURSION = YES;
				CLANG_WARN_INT_CONVERSION = YES;
				CLANG_WARN_NON_LITERAL_NULL_CONVERSION = YES;
				CLANG_WARN_OBJC_IMPLICIT_RETAIN_SELF = YES;
				CLANG_WARN_OBJC_LITERAL_CONVERSION = YES;
				CLANG_WARN_OBJC_ROOT_CLASS = YES_ERROR;
				CLANG_WARN_RANGE_LOOP_ANALYSIS = YES;
				CLANG_WARN_STRICT_PROTOTYPES = YES;
				CLANG_WARN_SUSPICIOUS_MOVE = YES;
				CLANG_WARN_UNGUARDED_AVAILABILITY = YES_AGGRESSIVE;
				CLANG_WARN_UNREACHABLE_CODE = YES;
				CLANG_WARN__DUPLICATE_METHOD_MATCH = YES;
				CODE_SIGN_IDENTITY = "iPhone Developer";
				COPY_PHASE_STRIP = NO;
				DEBUG_INFORMATION_FORMAT = dwarf;
				ENABLE_STRICT_OBJC_MSGSEND = YES;
				ENABLE_TESTABILITY = YES;
				GCC_C_LANGUAGE_STANDARD = gnu11;
				GCC_DYNAMIC_NO_PIC = NO;
				GCC_NO_COMMON_BLOCKS = YES;
				GCC_OPTIMIZATION_LEVEL = 0;
				GCC_PREPROCESSOR_DEFINITIONS = (
					"DEBUG=1",
					"$(inherited)",
				);
				GCC_WARN_64_TO_32_BIT_CONVERSION = YES;
				GCC_WARN_ABOUT_RETURN_TYPE = YES_ERROR;
				GCC_WARN_UNDECLARED_SELECTOR = YES;
				GCC_WARN_UNINITIALIZED_AUTOS = YES_AGGRESSIVE;
				GCC_WARN_UNUSED_FUNCTION = YES;
				GCC_WARN_UNUSED_VARIABLE = YES;
				IPHONEOS_DEPLOYMENT_TARGET = 11.4;
				MACOSX_DEPLOYMENT_TARGET = 10.13;
				MTL_ENABLE_DEBUG_INFO = YES;
				ONLY_ACTIVE_ARCH = YES;
				SDKROOT = iphoneos;
			};
			name = Debug;
		};
		0967257621C737CC00C79CE8 /* Release */ = {
			isa = XCBuildConfiguration;
			buildSettings = {
				ALWAYS_SEARCH_USER_PATHS = NO;
				CLANG_ANALYZER_NONNULL = YES;
				CLANG_ANALYZER_NUMBER_OBJECT_CONVERSION = YES_AGGRESSIVE;
				CLANG_CXX_LANGUAGE_STANDARD = "gnu++14";
				CLANG_CXX_LIBRARY = "libc++";
				CLANG_ENABLE_MODULES = YES;
				CLANG_ENABLE_OBJC_ARC = YES;
				CLANG_ENABLE_OBJC_WEAK = YES;
				CLANG_WARN_BLOCK_CAPTURE_AUTORELEASING = YES;
				CLANG_WARN_BOOL_CONVERSION = YES;
				CLANG_WARN_COMMA = YES;
				CLANG_WARN_CONSTANT_CONVERSION = YES;
				CLANG_WARN_DEPRECATED_OBJC_IMPLEMENTATIONS = YES;
				CLANG_WARN_DIRECT_OBJC_ISA_USAGE = YES_ERROR;
				CLANG_WARN_DOCUMENTATION_COMMENTS = YES;
				CLANG_WARN_EMPTY_BODY = YES;
				CLANG_WARN_ENUM_CONVERSION = YES;
				CLANG_WARN_INFINITE_RECURSION = YES;
				CLANG_WARN_INT_CONVERSION = YES;
				CLANG_WARN_NON_LITERAL_NULL_CONVERSION = YES;
				CLANG_WARN_OBJC_IMPLICIT_RETAIN_SELF = YES;
				CLANG_WARN_OBJC_LITERAL_CONVERSION = YES;
				CLANG_WARN_OBJC_ROOT_CLASS = YES_ERROR;
				CLANG_WARN_RANGE_LOOP_ANALYSIS = YES;
				CLANG_WARN_STRICT_PROTOTYPES = YES;
				CLANG_WARN_SUSPICIOUS_MOVE = YES;
				CLANG_WARN_UNGUARDED_AVAILABILITY = YES_AGGRESSIVE;
				CLANG_WARN_UNREACHABLE_CODE = YES;
				CLANG_WARN__DUPLICATE_METHOD_MATCH = YES;
				CODE_SIGN_IDENTITY = "iPhone Developer";
				COPY_PHASE_STRIP = NO;
				DEBUG_INFORMATION_FORMAT = "dwarf-with-dsym";
				ENABLE_NS_ASSERTIONS = NO;
				ENABLE_STRICT_OBJC_MSGSEND = YES;
				GCC_C_LANGUAGE_STANDARD = gnu11;
				GCC_NO_COMMON_BLOCKS = YES;
				GCC_WARN_64_TO_32_BIT_CONVERSION = YES;
				GCC_WARN_ABOUT_RETURN_TYPE = YES_ERROR;
				GCC_WARN_UNDECLARED_SELECTOR = YES;
				GCC_WARN_UNINITIALIZED_AUTOS = YES_AGGRESSIVE;
				GCC_WARN_UNUSED_FUNCTION = YES;
				GCC_WARN_UNUSED_VARIABLE = YES;
				IPHONEOS_DEPLOYMENT_TARGET = 11.4;
				MACOSX_DEPLOYMENT_TARGET = 10.13;
				MTL_ENABLE_DEBUG_INFO = NO;
				SDKROOT = iphoneos;
				VALIDATE_PRODUCT = YES;
			};
			name = Release;
		};
		0967257821C737CC00C79CE8 /* Debug */ = {
			isa = XCBuildConfiguration;
			baseConfigurationReference = 8BE280E22A19F674F2943E9D /* Pods-BjAiSports.debug.xcconfig */;
			buildSettings = {
				ASSETCATALOG_COMPILER_APPICON_NAME = AppIcon;
				ASSETCATALOG_COMPILER_LAUNCHIMAGE_NAME = LaunchImage;
				CODE_SIGN_STYLE = Automatic;
				DEVELOPMENT_TEAM = 24LS3L548Z;
				GCC_INCREASE_PRECOMPILED_HEADER_SHARING = NO;
				GCC_PRECOMPILE_PREFIX_HEADER = YES;
				GCC_PREFIX_HEADER = "$(SRCROOT)/BjAiSports/General/Macro/Public/Common-Prefix.pch";
				INFOPLIST_FILE = BjAiSports/Info.plist;
				IPHONEOS_DEPLOYMENT_TARGET = 8.0;
				LD_RUNPATH_SEARCH_PATHS = (
					"$(inherited)",
					"@executable_path/Frameworks",
				);
				MACOSX_DEPLOYMENT_TARGET = 10.13;
				PRODUCT_BUNDLE_IDENTIFIER = com.wlf.BjAiSports;
				PRODUCT_NAME = "$(TARGET_NAME)";
				TARGETED_DEVICE_FAMILY = "1,2";
			};
			name = Debug;
		};
		0967257921C737CC00C79CE8 /* Release */ = {
			isa = XCBuildConfiguration;
			baseConfigurationReference = FA24F151C8970E8E80F2DAAD /* Pods-BjAiSports.release.xcconfig */;
			buildSettings = {
				ASSETCATALOG_COMPILER_APPICON_NAME = AppIcon;
				ASSETCATALOG_COMPILER_LAUNCHIMAGE_NAME = LaunchImage;
				CODE_SIGN_STYLE = Automatic;
				DEVELOPMENT_TEAM = 24LS3L548Z;
				GCC_INCREASE_PRECOMPILED_HEADER_SHARING = NO;
				GCC_PRECOMPILE_PREFIX_HEADER = YES;
				GCC_PREFIX_HEADER = "$(SRCROOT)/BjAiSports/General/Macro/Public/Common-Prefix.pch";
				INFOPLIST_FILE = BjAiSports/Info.plist;
				IPHONEOS_DEPLOYMENT_TARGET = 8.0;
				LD_RUNPATH_SEARCH_PATHS = (
					"$(inherited)",
					"@executable_path/Frameworks",
				);
				MACOSX_DEPLOYMENT_TARGET = 10.13;
				PRODUCT_BUNDLE_IDENTIFIER = com.wlf.BjAiSports;
				PRODUCT_NAME = "$(TARGET_NAME)";
				TARGETED_DEVICE_FAMILY = "1,2";
			};
			name = Release;
		};
		0967257B21C737CC00C79CE8 /* Debug */ = {
			isa = XCBuildConfiguration;
			buildSettings = {
				BUNDLE_LOADER = "$(TEST_HOST)";
				CODE_SIGN_STYLE = Automatic;
				INFOPLIST_FILE = BjAiSportsTests/Info.plist;
				LD_RUNPATH_SEARCH_PATHS = (
					"$(inherited)",
					"@executable_path/Frameworks",
					"@loader_path/Frameworks",
				);
				MACOSX_DEPLOYMENT_TARGET = 10.13;
				PRODUCT_BUNDLE_IDENTIFIER = com.wlf.BjAiSportsTests;
				PRODUCT_NAME = "$(TARGET_NAME)";
				TARGETED_DEVICE_FAMILY = "1,2";
				TEST_HOST = "$(BUILT_PRODUCTS_DIR)/BjAiSports.app/BjAiSports";
			};
			name = Debug;
		};
		0967257C21C737CC00C79CE8 /* Release */ = {
			isa = XCBuildConfiguration;
			buildSettings = {
				BUNDLE_LOADER = "$(TEST_HOST)";
				CODE_SIGN_STYLE = Automatic;
				INFOPLIST_FILE = BjAiSportsTests/Info.plist;
				LD_RUNPATH_SEARCH_PATHS = (
					"$(inherited)",
					"@executable_path/Frameworks",
					"@loader_path/Frameworks",
				);
				MACOSX_DEPLOYMENT_TARGET = 10.13;
				PRODUCT_BUNDLE_IDENTIFIER = com.wlf.BjAiSportsTests;
				PRODUCT_NAME = "$(TARGET_NAME)";
				TARGETED_DEVICE_FAMILY = "1,2";
				TEST_HOST = "$(BUILT_PRODUCTS_DIR)/BjAiSports.app/BjAiSports";
			};
			name = Release;
		};
		0967257E21C737CC00C79CE8 /* Debug */ = {
			isa = XCBuildConfiguration;
			buildSettings = {
				CODE_SIGN_STYLE = Automatic;
				INFOPLIST_FILE = BjAiSportsUITests/Info.plist;
				LD_RUNPATH_SEARCH_PATHS = (
					"$(inherited)",
					"@executable_path/Frameworks",
					"@loader_path/Frameworks",
				);
				MACOSX_DEPLOYMENT_TARGET = 10.13;
				PRODUCT_BUNDLE_IDENTIFIER = com.wlf.BjAiSportsUITests;
				PRODUCT_NAME = "$(TARGET_NAME)";
				TARGETED_DEVICE_FAMILY = "1,2";
				TEST_TARGET_NAME = BjAiSports;
			};
			name = Debug;
		};
		0967257F21C737CC00C79CE8 /* Release */ = {
			isa = XCBuildConfiguration;
			buildSettings = {
				CODE_SIGN_STYLE = Automatic;
				INFOPLIST_FILE = BjAiSportsUITests/Info.plist;
				LD_RUNPATH_SEARCH_PATHS = (
					"$(inherited)",
					"@executable_path/Frameworks",
					"@loader_path/Frameworks",
				);
				MACOSX_DEPLOYMENT_TARGET = 10.13;
				PRODUCT_BUNDLE_IDENTIFIER = com.wlf.BjAiSportsUITests;
				PRODUCT_NAME = "$(TARGET_NAME)";
				TARGETED_DEVICE_FAMILY = "1,2";
				TEST_TARGET_NAME = BjAiSports;
			};
			name = Release;
		};
/* End XCBuildConfiguration section */

/* Begin XCConfigurationList section */
		0967254621C737C900C79CE8 /* Build configuration list for PBXProject "BjAiSports" */ = {
			isa = XCConfigurationList;
			buildConfigurations = (
				0967257521C737CC00C79CE8 /* Debug */,
				0967257621C737CC00C79CE8 /* Release */,
			);
			defaultConfigurationIsVisible = 0;
			defaultConfigurationName = Release;
		};
		0967257721C737CC00C79CE8 /* Build configuration list for PBXNativeTarget "BjAiSports" */ = {
			isa = XCConfigurationList;
			buildConfigurations = (
				0967257821C737CC00C79CE8 /* Debug */,
				0967257921C737CC00C79CE8 /* Release */,
			);
			defaultConfigurationIsVisible = 0;
			defaultConfigurationName = Release;
		};
		0967257A21C737CC00C79CE8 /* Build configuration list for PBXNativeTarget "BjAiSportsTests" */ = {
			isa = XCConfigurationList;
			buildConfigurations = (
				0967257B21C737CC00C79CE8 /* Debug */,
				0967257C21C737CC00C79CE8 /* Release */,
			);
			defaultConfigurationIsVisible = 0;
			defaultConfigurationName = Release;
		};
		0967257D21C737CC00C79CE8 /* Build configuration list for PBXNativeTarget "BjAiSportsUITests" */ = {
			isa = XCConfigurationList;
			buildConfigurations = (
				0967257E21C737CC00C79CE8 /* Debug */,
				0967257F21C737CC00C79CE8 /* Release */,
			);
			defaultConfigurationIsVisible = 0;
			defaultConfigurationName = Release;
		};
/* End XCConfigurationList section */
	};
	rootObject = 0967254321C737C900C79CE8 /* Project object */;
}
